
Microsoft Visual Studio Solution File, Format Version 12.00
# Visual Studio Version 17
VisualStudioVersion = 17.14.36518.9
MinimumVisualStudioVersion = 10.0.40219.1
Project("{FAE04EC0-301F-11D3-BF4B-00C04F79EFBC}") = "WindowsFormsStockControl", "WindowsFormsStockControl\WindowsFormsStockControl.csproj", "{51D6F78C-D0E2-4350-8D89-C51D2F7FB1F6}"
EndProject
Project("{FAE04EC0-301F-11D3-BF4B-00C04F79EFBC}") = "ClassLibraryStoksControl", "ClassLibraryStoksControl\ClassLibraryStoksControl.csproj", "{AB4BC8FE-7D1F-45ED-BAA8-E960B099970D}"
EndProject
Global
	GlobalSection(SolutionConfigurationPlatforms) = preSolution
		Debug|Any CPU = Debug|Any CPU
		Release|Any CPU = Release|Any CPU
	EndGlobalSection
	GlobalSection(ProjectConfigurationPlatforms) = postSolution
		{51D6F78C-D0E2-4350-8D89-C51D2F7FB1F6}.Debug|Any CPU.ActiveCfg = Debug|Any CPU
		{51D6F78C-D0E2-4350-8D89-C51D2F7FB1F6}.Debug|Any CPU.Build.0 = Debug|Any CPU
		{51D6F78C-D0E2-4350-8D89-C51D2F7FB1F6}.Release|Any CPU.ActiveCfg = Release|Any CPU
		{51D6F78C-D0E2-4350-8D89-C51D2F7FB1F6}.Release|Any CPU.Build.0 = Release|Any CPU
		{AB4BC8FE-7D1F-45ED-BAA8-E960B099970D}.Debug|Any CPU.ActiveCfg = Debug|Any CPU
		{AB4BC8FE-7D1F-45ED-BAA8-E960B099970D}.Debug|Any CPU.Build.0 = Debug|Any CPU
		{AB4BC8FE-7D1F-45ED-BAA8-E960B099970D}.Release|Any CPU.ActiveCfg = Release|Any CPU
		{AB4BC8FE-7D1F-45ED-BAA8-E960B099970D}.Release|Any CPU.Build.0 = Release|Any CPU
	EndGlobalSection
	GlobalSection(SolutionProperties) = preSolution
		HideSolutionNode = FALSE
	EndGlobalSection
	GlobalSection(ExtensibilityGlobals) = postSolution
		SolutionGuid = {2344F15D-8F7F-4C78-B1B4-DCA3B7B3C194}
	EndGlobalSection
EndGlobal
